
Microsoft Visual Studio Solution File, Format Version 12.00
# Visual Studio 15
VisualStudioVersion = 15.0.27703.2047
MinimumVisualStudioVersion = 10.0.40219.1
Project("{FAE04EC0-301F-11D3-BF4B-00C04F79EFBC}") = "SportsStore.Domain", "SportsStore.Domain\SportsStore.Domain.csproj", "{BCD207EF-46BE-4BFC-8540-6FB6D64DDD3E}"
EndProject
Project("{FAE04EC0-301F-11D3-BF4B-00C04F79EFBC}") = "SportsStore.WebUI", "SportsStore.WebUI\SportsStore.WebUI.csproj", "{882A9D3A-2D0E-4879-BFCE-D3B04997E01D}"
EndProject
Project("{FAE04EC0-301F-11D3-BF4B-00C04F79EFBC}") = "SportsStore.UnitTests", "SportsStore.UnitTests\SportsStore.UnitTests.csproj", "{642EF5ED-28A8-4F5C-B564-242CBA8BC5E6}"
EndProject
Global
	GlobalSection(SolutionConfigurationPlatforms) = preSolution
		Debug|Any CPU = Debug|Any CPU
		Release|Any CPU = Release|Any CPU
	EndGlobalSection
	GlobalSection(ProjectConfigurationPlatforms) = postSolution
		{BCD207EF-46BE-4BFC-8540-6FB6D64DDD3E}.Debug|Any CPU.ActiveCfg = Debug|Any CPU
		{BCD207EF-46BE-4BFC-8540-6FB6D64DDD3E}.Debug|Any CPU.Build.0 = Debug|Any CPU
		{BCD207EF-46BE-4BFC-8540-6FB6D64DDD3E}.Release|Any CPU.ActiveCfg = Release|Any CPU
		{BCD207EF-46BE-4BFC-8540-6FB6D64DDD3E}.Release|Any CPU.Build.0 = Release|Any CPU
		{882A9D3A-2D0E-4879-BFCE-D3B04997E01D}.Debug|Any CPU.ActiveCfg = Debug|Any CPU
		{882A9D3A-2D0E-4879-BFCE-D3B04997E01D}.Debug|Any CPU.Build.0 = Debug|Any CPU
		{882A9D3A-2D0E-4879-BFCE-D3B04997E01D}.Release|Any CPU.ActiveCfg = Release|Any CPU
		{882A9D3A-2D0E-4879-BFCE-D3B04997E01D}.Release|Any CPU.Build.0 = Release|Any CPU
		{642EF5ED-28A8-4F5C-B564-242CBA8BC5E6}.Debug|Any CPU.ActiveCfg = Debug|Any CPU
		{642EF5ED-28A8-4F5C-B564-242CBA8BC5E6}.Debug|Any CPU.Build.0 = Debug|Any CPU
		{642EF5ED-28A8-4F5C-B564-242CBA8BC5E6}.Release|Any CPU.ActiveCfg = Release|Any CPU
		{642EF5ED-28A8-4F5C-B564-242CBA8BC5E6}.Release|Any CPU.Build.0 = Release|Any CPU
	EndGlobalSection
	GlobalSection(SolutionProperties) = preSolution
		HideSolutionNode = FALSE
	EndGlobalSection
	GlobalSection(ExtensibilityGlobals) = postSolution
		SolutionGuid = {3484F7C8-8AD5-4B28-B614-E5EC6F27CB6D}
	EndGlobalSection
EndGlobal
