
Microsoft Visual Studio Solution File, Format Version 12.00
# Visual Studio 15
VisualStudioVersion = 15.0.27703.2047
MinimumVisualStudioVersion = 10.0.40219.1
Project("{FAE04EC0-301F-11D3-BF4B-00C04F79EFBC}") = "SportsStore.Domain", "SportsStore.Domain\SportsStore.Domain.csproj", "{BCD207EF-46BE-4BFC-8540-6FB6D64DDD3E}"
EndProject
Project("{FAE04EC0-301F-11D3-BF4B-00C04F79EFBC}") = "SportsStore.WebUI", "SportsStore.WebUI\SportsStore.WebUI.csproj", "{882A9D3A-2D0E-4879-BFCE-D3B04997E01D}"
EndProject
Project("{FAE04EC0-301F-11D3-BF4B-00C04F79EFBC}") = "SportsStore.UnitTests", "SportsStore.UnitTests\SportsStore.UnitTests.csproj", "{642EF5ED-28A8-4F5C-B564-242CBA8BC5E6}"
EndProject
Project("{FAE04EC0-301F-11D3-BF4B-00C04F79EFBC}") = "UrlsAndRoutes", "UrlsAndRoutes\UrlsAndRoutes.csproj", "{BE0783DC-369E-428B-9A05-A1534834E1EF}"
EndProject
Project("{FAE04EC0-301F-11D3-BF4B-00C04F79EFBC}") = "UrlsAndRoutes.Tests", "UrlsAndRoutes.Tests\UrlsAndRoutes.Tests.csproj", "{48688283-EA2B-4CC6-85FC-32560F259047}"
EndProject
Project("{FAE04EC0-301F-11D3-BF4B-00C04F79EFBC}") = "ControllersAndAction", "ControllersAndAction\ControllersAndAction.csproj", "{6BCF39BC-AC99-4968-B334-64458971818D}"
EndProject
Project("{FAE04EC0-301F-11D3-BF4B-00C04F79EFBC}") = "ControllersAndAction.Tests", "ControllersAndAction.Tests\ControllersAndAction.Tests.csproj", "{451E0F5F-5B87-4E0E-A9AD-3CB7D2CD2167}"
EndProject
Project("{FAE04EC0-301F-11D3-BF4B-00C04F79EFBC}") = "Filters", "Filters\Filters.csproj", "{5DEAFF92-E492-40DD-8C1C-A3EA0CCDAE04}"
EndProject
Project("{FAE04EC0-301F-11D3-BF4B-00C04F79EFBC}") = "ControllerExtensibility", "ControllerExtensibility\ControllerExtensibility.csproj", "{CF8DAD34-6857-4172-AC62-3BCBBF0EA2E4}"
EndProject
Project("{FAE04EC0-301F-11D3-BF4B-00C04F79EFBC}") = "Views", "Views\Views.csproj", "{F1CC63F9-2639-4CDA-8F87-45DB90EABE47}"
EndProject
Global
	GlobalSection(SolutionConfigurationPlatforms) = preSolution
		Debug|Any CPU = Debug|Any CPU
		Release|Any CPU = Release|Any CPU
	EndGlobalSection
	GlobalSection(ProjectConfigurationPlatforms) = postSolution
		{BCD207EF-46BE-4BFC-8540-6FB6D64DDD3E}.Debug|Any CPU.ActiveCfg = Debug|Any CPU
		{BCD207EF-46BE-4BFC-8540-6FB6D64DDD3E}.Debug|Any CPU.Build.0 = Debug|Any CPU
		{BCD207EF-46BE-4BFC-8540-6FB6D64DDD3E}.Release|Any CPU.ActiveCfg = Release|Any CPU
		{BCD207EF-46BE-4BFC-8540-6FB6D64DDD3E}.Release|Any CPU.Build.0 = Release|Any CPU
		{882A9D3A-2D0E-4879-BFCE-D3B04997E01D}.Debug|Any CPU.ActiveCfg = Debug|Any CPU
		{882A9D3A-2D0E-4879-BFCE-D3B04997E01D}.Debug|Any CPU.Build.0 = Debug|Any CPU
		{882A9D3A-2D0E-4879-BFCE-D3B04997E01D}.Release|Any CPU.ActiveCfg = Release|Any CPU
		{882A9D3A-2D0E-4879-BFCE-D3B04997E01D}.Release|Any CPU.Build.0 = Release|Any CPU
		{642EF5ED-28A8-4F5C-B564-242CBA8BC5E6}.Debug|Any CPU.ActiveCfg = Debug|Any CPU
		{642EF5ED-28A8-4F5C-B564-242CBA8BC5E6}.Debug|Any CPU.Build.0 = Debug|Any CPU
		{642EF5ED-28A8-4F5C-B564-242CBA8BC5E6}.Release|Any CPU.ActiveCfg = Release|Any CPU
		{642EF5ED-28A8-4F5C-B564-242CBA8BC5E6}.Release|Any CPU.Build.0 = Release|Any CPU
		{BE0783DC-369E-428B-9A05-A1534834E1EF}.Debug|Any CPU.ActiveCfg = Debug|Any CPU
		{BE0783DC-369E-428B-9A05-A1534834E1EF}.Debug|Any CPU.Build.0 = Debug|Any CPU
		{BE0783DC-369E-428B-9A05-A1534834E1EF}.Release|Any CPU.ActiveCfg = Release|Any CPU
		{BE0783DC-369E-428B-9A05-A1534834E1EF}.Release|Any CPU.Build.0 = Release|Any CPU
		{48688283-EA2B-4CC6-85FC-32560F259047}.Debug|Any CPU.ActiveCfg = Debug|Any CPU
		{48688283-EA2B-4CC6-85FC-32560F259047}.Debug|Any CPU.Build.0 = Debug|Any CPU
		{48688283-EA2B-4CC6-85FC-32560F259047}.Release|Any CPU.ActiveCfg = Release|Any CPU
		{48688283-EA2B-4CC6-85FC-32560F259047}.Release|Any CPU.Build.0 = Release|Any CPU
		{6BCF39BC-AC99-4968-B334-64458971818D}.Debug|Any CPU.ActiveCfg = Debug|Any CPU
		{6BCF39BC-AC99-4968-B334-64458971818D}.Debug|Any CPU.Build.0 = Debug|Any CPU
		{6BCF39BC-AC99-4968-B334-64458971818D}.Release|Any CPU.ActiveCfg = Release|Any CPU
		{6BCF39BC-AC99-4968-B334-64458971818D}.Release|Any CPU.Build.0 = Release|Any CPU
		{451E0F5F-5B87-4E0E-A9AD-3CB7D2CD2167}.Debug|Any CPU.ActiveCfg = Debug|Any CPU
		{451E0F5F-5B87-4E0E-A9AD-3CB7D2CD2167}.Debug|Any CPU.Build.0 = Debug|Any CPU
		{451E0F5F-5B87-4E0E-A9AD-3CB7D2CD2167}.Release|Any CPU.ActiveCfg = Release|Any CPU
		{451E0F5F-5B87-4E0E-A9AD-3CB7D2CD2167}.Release|Any CPU.Build.0 = Release|Any CPU
		{5DEAFF92-E492-40DD-8C1C-A3EA0CCDAE04}.Debug|Any CPU.ActiveCfg = Debug|Any CPU
		{5DEAFF92-E492-40DD-8C1C-A3EA0CCDAE04}.Debug|Any CPU.Build.0 = Debug|Any CPU
		{5DEAFF92-E492-40DD-8C1C-A3EA0CCDAE04}.Release|Any CPU.ActiveCfg = Release|Any CPU
		{5DEAFF92-E492-40DD-8C1C-A3EA0CCDAE04}.Release|Any CPU.Build.0 = Release|Any CPU
		{CF8DAD34-6857-4172-AC62-3BCBBF0EA2E4}.Debug|Any CPU.ActiveCfg = Debug|Any CPU
		{CF8DAD34-6857-4172-AC62-3BCBBF0EA2E4}.Debug|Any CPU.Build.0 = Debug|Any CPU
		{CF8DAD34-6857-4172-AC62-3BCBBF0EA2E4}.Release|Any CPU.ActiveCfg = Release|Any CPU
		{CF8DAD34-6857-4172-AC62-3BCBBF0EA2E4}.Release|Any CPU.Build.0 = Release|Any CPU
		{F1CC63F9-2639-4CDA-8F87-45DB90EABE47}.Debug|Any CPU.ActiveCfg = Debug|Any CPU
		{F1CC63F9-2639-4CDA-8F87-45DB90EABE47}.Debug|Any CPU.Build.0 = Debug|Any CPU
		{F1CC63F9-2639-4CDA-8F87-45DB90EABE47}.Release|Any CPU.ActiveCfg = Release|Any CPU
		{F1CC63F9-2639-4CDA-8F87-45DB90EABE47}.Release|Any CPU.Build.0 = Release|Any CPU
	EndGlobalSection
	GlobalSection(SolutionProperties) = preSolution
		HideSolutionNode = FALSE
	EndGlobalSection
	GlobalSection(ExtensibilityGlobals) = postSolution
		SolutionGuid = {3484F7C8-8AD5-4B28-B614-E5EC6F27CB6D}
	EndGlobalSection
EndGlobal
